
Microsoft Visual Studio Solution File, Format Version 12.00
# Visual Studio 15
VisualStudioVersion = 15.0.27004.2005
MinimumVisualStudioVersion = 10.0.40219.1
Project("{888888A0-9F3D-457C-B088-3A5042F75D52}") = "smart_remarks_generator", "smart_remarks_generator\smart_remarks_generator.pyproj", "{DE3E9E6F-F35D-42A3-997F-AD6B4BD888E0}"
EndProject
Global
	GlobalSection(SolutionConfigurationPlatforms) = preSolution
		Debug|Any CPU = Debug|Any CPU
		Release|Any CPU = Release|Any CPU
	EndGlobalSection
	GlobalSection(ProjectConfigurationPlatforms) = postSolution
		{DE3E9E6F-F35D-42A3-997F-AD6B4BD888E0}.Debug|Any CPU.ActiveCfg = Debug|Any CPU
		{DE3E9E6F-F35D-42A3-997F-AD6B4BD888E0}.Release|Any CPU.ActiveCfg = Release|Any CPU
	EndGlobalSection
	GlobalSection(SolutionProperties) = preSolution
		HideSolutionNode = FALSE
	EndGlobalSection
	GlobalSection(ExtensibilityGlobals) = postSolution
		SolutionGuid = {F02CAB1E-AE68-4D8A-A7CD-48F6FFB583E7}
	EndGlobalSection
EndGlobal
